
Microsoft Visual Studio Solution File, Format Version 12.00
# Visual Studio Version 16
VisualStudioVersion = 16.0.30621.155
MinimumVisualStudioVersion = 10.0.40219.1
Project("{9A19103F-16F7-4668-BE54-9A1E7A4F7556}") = "CrossX", "CrossX\CrossX.csproj", "{7B1C3193-96DC-44C1-B232-2E8A7BD8080A}"
EndProject
Project("{FAE04EC0-301F-11D3-BF4B-00C04F79EFBC}") = "CrossX.UWP", "CrossX.UWP\CrossX.UWP.csproj", "{FE2B9B44-385E-4217-ACDD-1A7191AD6A05}"
EndProject
Project("{2150E333-8FDC-42A3-9474-1A3956D46DE8}") = "Examples", "Examples", "{0BC2D301-534F-4BB8-906D-A4ED2E5DCAB8}"
EndProject
Project("{9A19103F-16F7-4668-BE54-9A1E7A4F7556}") = "CrossX.ExIO", "CrossX.ExIO\CrossX.ExIO.csproj", "{57A4A8E9-CDD5-405C-90F2-5F310430B214}"
EndProject
Project("{9A19103F-16F7-4668-BE54-9A1E7A4F7556}") = "CrossX.2D", "CrossX.2D\CrossX.2D.csproj", "{DF6C8561-5AFF-4AD9-A0FA-196C31B14301}"
EndProject
Project("{9A19103F-16F7-4668-BE54-9A1E7A4F7556}") = "CrossX.MediaFormats", "CrossX.MediaFormats\CrossX.MediaFormats.csproj", "{E58E5FC4-DA8B-42D7-BF97-24032B069282}"
EndProject
Project("{FAE04EC0-301F-11D3-BF4B-00C04F79EFBC}") = "Runner.UWP", "Examples\Runner.UWP\Runner.UWP.csproj", "{D464B979-CF38-49CF-B162-4DA3502CB097}"
EndProject
Project("{FAE04EC0-301F-11D3-BF4B-00C04F79EFBC}") = "T02.Textures", "Examples\T02.Textures\T02.Textures.csproj", "{F1D6C6D5-F3AF-4393-B7C1-2B1E9045C046}"
EndProject
Project("{9A19103F-16F7-4668-BE54-9A1E7A4F7556}") = "T01.SimpleTriangle", "Examples\T01.SimpleTriangle\T01.SimpleTriangle.csproj", "{7C9B0874-D132-41DD-8AC6-97071020500A}"
EndProject
Project("{FAE04EC0-301F-11D3-BF4B-00C04F79EFBC}") = "T03.InputGamepadAndKeyboard", "Examples\T03.InputGamepadAndKeyboard\T03.InputGamepadAndKeyboard.csproj", "{51FA940E-1121-44D8-829D-7857344103D0}"
EndProject
Global
	GlobalSection(SolutionConfigurationPlatforms) = preSolution
		Debug|Any CPU = Debug|Any CPU
		Debug|ARM = Debug|ARM
		Debug|ARM64 = Debug|ARM64
		Debug|x64 = Debug|x64
		Debug|x86 = Debug|x86
		Release|Any CPU = Release|Any CPU
		Release|ARM = Release|ARM
		Release|ARM64 = Release|ARM64
		Release|x64 = Release|x64
		Release|x86 = Release|x86
	EndGlobalSection
	GlobalSection(ProjectConfigurationPlatforms) = postSolution
		{7B1C3193-96DC-44C1-B232-2E8A7BD8080A}.Debug|Any CPU.ActiveCfg = Debug|Any CPU
		{7B1C3193-96DC-44C1-B232-2E8A7BD8080A}.Debug|Any CPU.Build.0 = Debug|Any CPU
		{7B1C3193-96DC-44C1-B232-2E8A7BD8080A}.Debug|ARM.ActiveCfg = Debug|Any CPU
		{7B1C3193-96DC-44C1-B232-2E8A7BD8080A}.Debug|ARM.Build.0 = Debug|Any CPU
		{7B1C3193-96DC-44C1-B232-2E8A7BD8080A}.Debug|ARM64.ActiveCfg = Debug|Any CPU
		{7B1C3193-96DC-44C1-B232-2E8A7BD8080A}.Debug|ARM64.Build.0 = Debug|Any CPU
		{7B1C3193-96DC-44C1-B232-2E8A7BD8080A}.Debug|x64.ActiveCfg = Debug|Any CPU
		{7B1C3193-96DC-44C1-B232-2E8A7BD8080A}.Debug|x64.Build.0 = Debug|Any CPU
		{7B1C3193-96DC-44C1-B232-2E8A7BD8080A}.Debug|x86.ActiveCfg = Debug|Any CPU
		{7B1C3193-96DC-44C1-B232-2E8A7BD8080A}.Debug|x86.Build.0 = Debug|Any CPU
		{7B1C3193-96DC-44C1-B232-2E8A7BD8080A}.Release|Any CPU.ActiveCfg = Release|Any CPU
		{7B1C3193-96DC-44C1-B232-2E8A7BD8080A}.Release|Any CPU.Build.0 = Release|Any CPU
		{7B1C3193-96DC-44C1-B232-2E8A7BD8080A}.Release|ARM.ActiveCfg = Release|Any CPU
		{7B1C3193-96DC-44C1-B232-2E8A7BD8080A}.Release|ARM.Build.0 = Release|Any CPU
		{7B1C3193-96DC-44C1-B232-2E8A7BD8080A}.Release|ARM64.ActiveCfg = Release|Any CPU
		{7B1C3193-96DC-44C1-B232-2E8A7BD8080A}.Release|ARM64.Build.0 = Release|Any CPU
		{7B1C3193-96DC-44C1-B232-2E8A7BD8080A}.Release|x64.ActiveCfg = Release|Any CPU
		{7B1C3193-96DC-44C1-B232-2E8A7BD8080A}.Release|x64.Build.0 = Release|Any CPU
		{7B1C3193-96DC-44C1-B232-2E8A7BD8080A}.Release|x86.ActiveCfg = Release|Any CPU
		{7B1C3193-96DC-44C1-B232-2E8A7BD8080A}.Release|x86.Build.0 = Release|Any CPU
		{FE2B9B44-385E-4217-ACDD-1A7191AD6A05}.Debug|Any CPU.ActiveCfg = Debug|Any CPU
		{FE2B9B44-385E-4217-ACDD-1A7191AD6A05}.Debug|Any CPU.Build.0 = Debug|Any CPU
		{FE2B9B44-385E-4217-ACDD-1A7191AD6A05}.Debug|ARM.ActiveCfg = Debug|ARM
		{FE2B9B44-385E-4217-ACDD-1A7191AD6A05}.Debug|ARM.Build.0 = Debug|ARM
		{FE2B9B44-385E-4217-ACDD-1A7191AD6A05}.Debug|ARM64.ActiveCfg = Debug|ARM64
		{FE2B9B44-385E-4217-ACDD-1A7191AD6A05}.Debug|ARM64.Build.0 = Debug|ARM64
		{FE2B9B44-385E-4217-ACDD-1A7191AD6A05}.Debug|x64.ActiveCfg = Debug|x64
		{FE2B9B44-385E-4217-ACDD-1A7191AD6A05}.Debug|x64.Build.0 = Debug|x64
		{FE2B9B44-385E-4217-ACDD-1A7191AD6A05}.Debug|x86.ActiveCfg = Debug|x86
		{FE2B9B44-385E-4217-ACDD-1A7191AD6A05}.Debug|x86.Build.0 = Debug|x86
		{FE2B9B44-385E-4217-ACDD-1A7191AD6A05}.Release|Any CPU.ActiveCfg = Release|Any CPU
		{FE2B9B44-385E-4217-ACDD-1A7191AD6A05}.Release|Any CPU.Build.0 = Release|Any CPU
		{FE2B9B44-385E-4217-ACDD-1A7191AD6A05}.Release|ARM.ActiveCfg = Release|ARM
		{FE2B9B44-385E-4217-ACDD-1A7191AD6A05}.Release|ARM.Build.0 = Release|ARM
		{FE2B9B44-385E-4217-ACDD-1A7191AD6A05}.Release|ARM64.ActiveCfg = Release|ARM64
		{FE2B9B44-385E-4217-ACDD-1A7191AD6A05}.Release|ARM64.Build.0 = Release|ARM64
		{FE2B9B44-385E-4217-ACDD-1A7191AD6A05}.Release|x64.ActiveCfg = Release|x64
		{FE2B9B44-385E-4217-ACDD-1A7191AD6A05}.Release|x64.Build.0 = Release|x64
		{FE2B9B44-385E-4217-ACDD-1A7191AD6A05}.Release|x86.ActiveCfg = Release|x86
		{FE2B9B44-385E-4217-ACDD-1A7191AD6A05}.Release|x86.Build.0 = Release|x86
		{57A4A8E9-CDD5-405C-90F2-5F310430B214}.Debug|Any CPU.ActiveCfg = Debug|Any CPU
		{57A4A8E9-CDD5-405C-90F2-5F310430B214}.Debug|Any CPU.Build.0 = Debug|Any CPU
		{57A4A8E9-CDD5-405C-90F2-5F310430B214}.Debug|ARM.ActiveCfg = Debug|Any CPU
		{57A4A8E9-CDD5-405C-90F2-5F310430B214}.Debug|ARM.Build.0 = Debug|Any CPU
		{57A4A8E9-CDD5-405C-90F2-5F310430B214}.Debug|ARM64.ActiveCfg = Debug|Any CPU
		{57A4A8E9-CDD5-405C-90F2-5F310430B214}.Debug|ARM64.Build.0 = Debug|Any CPU
		{57A4A8E9-CDD5-405C-90F2-5F310430B214}.Debug|x64.ActiveCfg = Debug|Any CPU
		{57A4A8E9-CDD5-405C-90F2-5F310430B214}.Debug|x64.Build.0 = Debug|Any CPU
		{57A4A8E9-CDD5-405C-90F2-5F310430B214}.Debug|x86.ActiveCfg = Debug|Any CPU
		{57A4A8E9-CDD5-405C-90F2-5F310430B214}.Debug|x86.Build.0 = Debug|Any CPU
		{57A4A8E9-CDD5-405C-90F2-5F310430B214}.Release|Any CPU.ActiveCfg = Release|Any CPU
		{57A4A8E9-CDD5-405C-90F2-5F310430B214}.Release|Any CPU.Build.0 = Release|Any CPU
		{57A4A8E9-CDD5-405C-90F2-5F310430B214}.Release|ARM.ActiveCfg = Release|Any CPU
		{57A4A8E9-CDD5-405C-90F2-5F310430B214}.Release|ARM.Build.0 = Release|Any CPU
		{57A4A8E9-CDD5-405C-90F2-5F310430B214}.Release|ARM64.ActiveCfg = Release|Any CPU
		{57A4A8E9-CDD5-405C-90F2-5F310430B214}.Release|ARM64.Build.0 = Release|Any CPU
		{57A4A8E9-CDD5-405C-90F2-5F310430B214}.Release|x64.ActiveCfg = Release|Any CPU
		{57A4A8E9-CDD5-405C-90F2-5F310430B214}.Release|x64.Build.0 = Release|Any CPU
		{57A4A8E9-CDD5-405C-90F2-5F310430B214}.Release|x86.ActiveCfg = Release|Any CPU
		{57A4A8E9-CDD5-405C-90F2-5F310430B214}.Release|x86.Build.0 = Release|Any CPU
		{DF6C8561-5AFF-4AD9-A0FA-196C31B14301}.Debug|Any CPU.ActiveCfg = Debug|Any CPU
		{DF6C8561-5AFF-4AD9-A0FA-196C31B14301}.Debug|Any CPU.Build.0 = Debug|Any CPU
		{DF6C8561-5AFF-4AD9-A0FA-196C31B14301}.Debug|ARM.ActiveCfg = Debug|Any CPU
		{DF6C8561-5AFF-4AD9-A0FA-196C31B14301}.Debug|ARM.Build.0 = Debug|Any CPU
		{DF6C8561-5AFF-4AD9-A0FA-196C31B14301}.Debug|ARM64.ActiveCfg = Debug|Any CPU
		{DF6C8561-5AFF-4AD9-A0FA-196C31B14301}.Debug|ARM64.Build.0 = Debug|Any CPU
		{DF6C8561-5AFF-4AD9-A0FA-196C31B14301}.Debug|x64.ActiveCfg = Debug|Any CPU
		{DF6C8561-5AFF-4AD9-A0FA-196C31B14301}.Debug|x64.Build.0 = Debug|Any CPU
		{DF6C8561-5AFF-4AD9-A0FA-196C31B14301}.Debug|x86.ActiveCfg = Debug|Any CPU
		{DF6C8561-5AFF-4AD9-A0FA-196C31B14301}.Debug|x86.Build.0 = Debug|Any CPU
		{DF6C8561-5AFF-4AD9-A0FA-196C31B14301}.Release|Any CPU.ActiveCfg = Release|Any CPU
		{DF6C8561-5AFF-4AD9-A0FA-196C31B14301}.Release|Any CPU.Build.0 = Release|Any CPU
		{DF6C8561-5AFF-4AD9-A0FA-196C31B14301}.Release|ARM.ActiveCfg = Release|Any CPU
		{DF6C8561-5AFF-4AD9-A0FA-196C31B14301}.Release|ARM.Build.0 = Release|Any CPU
		{DF6C8561-5AFF-4AD9-A0FA-196C31B14301}.Release|ARM64.ActiveCfg = Release|Any CPU
		{DF6C8561-5AFF-4AD9-A0FA-196C31B14301}.Release|ARM64.Build.0 = Release|Any CPU
		{DF6C8561-5AFF-4AD9-A0FA-196C31B14301}.Release|x64.ActiveCfg = Release|Any CPU
		{DF6C8561-5AFF-4AD9-A0FA-196C31B14301}.Release|x64.Build.0 = Release|Any CPU
		{DF6C8561-5AFF-4AD9-A0FA-196C31B14301}.Release|x86.ActiveCfg = Release|Any CPU
		{DF6C8561-5AFF-4AD9-A0FA-196C31B14301}.Release|x86.Build.0 = Release|Any CPU
		{E58E5FC4-DA8B-42D7-BF97-24032B069282}.Debug|Any CPU.ActiveCfg = Debug|Any CPU
		{E58E5FC4-DA8B-42D7-BF97-24032B069282}.Debug|Any CPU.Build.0 = Debug|Any CPU
		{E58E5FC4-DA8B-42D7-BF97-24032B069282}.Debug|ARM.ActiveCfg = Debug|Any CPU
		{E58E5FC4-DA8B-42D7-BF97-24032B069282}.Debug|ARM.Build.0 = Debug|Any CPU
		{E58E5FC4-DA8B-42D7-BF97-24032B069282}.Debug|ARM64.ActiveCfg = Debug|Any CPU
		{E58E5FC4-DA8B-42D7-BF97-24032B069282}.Debug|ARM64.Build.0 = Debug|Any CPU
		{E58E5FC4-DA8B-42D7-BF97-24032B069282}.Debug|x64.ActiveCfg = Debug|Any CPU
		{E58E5FC4-DA8B-42D7-BF97-24032B069282}.Debug|x64.Build.0 = Debug|Any CPU
		{E58E5FC4-DA8B-42D7-BF97-24032B069282}.Debug|x86.ActiveCfg = Debug|Any CPU
		{E58E5FC4-DA8B-42D7-BF97-24032B069282}.Debug|x86.Build.0 = Debug|Any CPU
		{E58E5FC4-DA8B-42D7-BF97-24032B069282}.Release|Any CPU.ActiveCfg = Release|Any CPU
		{E58E5FC4-DA8B-42D7-BF97-24032B069282}.Release|Any CPU.Build.0 = Release|Any CPU
		{E58E5FC4-DA8B-42D7-BF97-24032B069282}.Release|ARM.ActiveCfg = Release|Any CPU
		{E58E5FC4-DA8B-42D7-BF97-24032B069282}.Release|ARM.Build.0 = Release|Any CPU
		{E58E5FC4-DA8B-42D7-BF97-24032B069282}.Release|ARM64.ActiveCfg = Release|Any CPU
		{E58E5FC4-DA8B-42D7-BF97-24032B069282}.Release|ARM64.Build.0 = Release|Any CPU
		{E58E5FC4-DA8B-42D7-BF97-24032B069282}.Release|x64.ActiveCfg = Release|Any CPU
		{E58E5FC4-DA8B-42D7-BF97-24032B069282}.Release|x64.Build.0 = Release|Any CPU
		{E58E5FC4-DA8B-42D7-BF97-24032B069282}.Release|x86.ActiveCfg = Release|Any CPU
		{E58E5FC4-DA8B-42D7-BF97-24032B069282}.Release|x86.Build.0 = Release|Any CPU
		{D464B979-CF38-49CF-B162-4DA3502CB097}.Debug|Any CPU.ActiveCfg = Debug|x86
		{D464B979-CF38-49CF-B162-4DA3502CB097}.Debug|ARM.ActiveCfg = Debug|ARM
		{D464B979-CF38-49CF-B162-4DA3502CB097}.Debug|ARM.Build.0 = Debug|ARM
		{D464B979-CF38-49CF-B162-4DA3502CB097}.Debug|ARM.Deploy.0 = Debug|ARM
		{D464B979-CF38-49CF-B162-4DA3502CB097}.Debug|ARM64.ActiveCfg = Debug|ARM64
		{D464B979-CF38-49CF-B162-4DA3502CB097}.Debug|ARM64.Build.0 = Debug|ARM64
		{D464B979-CF38-49CF-B162-4DA3502CB097}.Debug|ARM64.Deploy.0 = Debug|ARM64
		{D464B979-CF38-49CF-B162-4DA3502CB097}.Debug|x64.ActiveCfg = Debug|x64
		{D464B979-CF38-49CF-B162-4DA3502CB097}.Debug|x64.Build.0 = Debug|x64
		{D464B979-CF38-49CF-B162-4DA3502CB097}.Debug|x64.Deploy.0 = Debug|x64
		{D464B979-CF38-49CF-B162-4DA3502CB097}.Debug|x86.ActiveCfg = Debug|x86
		{D464B979-CF38-49CF-B162-4DA3502CB097}.Debug|x86.Build.0 = Debug|x86
		{D464B979-CF38-49CF-B162-4DA3502CB097}.Debug|x86.Deploy.0 = Debug|x86
		{D464B979-CF38-49CF-B162-4DA3502CB097}.Release|Any CPU.ActiveCfg = Release|x86
		{D464B979-CF38-49CF-B162-4DA3502CB097}.Release|ARM.ActiveCfg = Release|ARM
		{D464B979-CF38-49CF-B162-4DA3502CB097}.Release|ARM.Build.0 = Release|ARM
		{D464B979-CF38-49CF-B162-4DA3502CB097}.Release|ARM.Deploy.0 = Release|ARM
		{D464B979-CF38-49CF-B162-4DA3502CB097}.Release|ARM64.ActiveCfg = Release|ARM64
		{D464B979-CF38-49CF-B162-4DA3502CB097}.Release|ARM64.Build.0 = Release|ARM64
		{D464B979-CF38-49CF-B162-4DA3502CB097}.Release|ARM64.Deploy.0 = Release|ARM64
		{D464B979-CF38-49CF-B162-4DA3502CB097}.Release|x64.ActiveCfg = Release|x64
		{D464B979-CF38-49CF-B162-4DA3502CB097}.Release|x64.Build.0 = Release|x64
		{D464B979-CF38-49CF-B162-4DA3502CB097}.Release|x64.Deploy.0 = Release|x64
		{D464B979-CF38-49CF-B162-4DA3502CB097}.Release|x86.ActiveCfg = Release|x86
		{D464B979-CF38-49CF-B162-4DA3502CB097}.Release|x86.Build.0 = Release|x86
		{D464B979-CF38-49CF-B162-4DA3502CB097}.Release|x86.Deploy.0 = Release|x86
		{F1D6C6D5-F3AF-4393-B7C1-2B1E9045C046}.Debug|Any CPU.ActiveCfg = Debug|Any CPU
		{F1D6C6D5-F3AF-4393-B7C1-2B1E9045C046}.Debug|Any CPU.Build.0 = Debug|Any CPU
		{F1D6C6D5-F3AF-4393-B7C1-2B1E9045C046}.Debug|ARM.ActiveCfg = Debug|Any CPU
		{F1D6C6D5-F3AF-4393-B7C1-2B1E9045C046}.Debug|ARM.Build.0 = Debug|Any CPU
		{F1D6C6D5-F3AF-4393-B7C1-2B1E9045C046}.Debug|ARM64.ActiveCfg = Debug|Any CPU
		{F1D6C6D5-F3AF-4393-B7C1-2B1E9045C046}.Debug|ARM64.Build.0 = Debug|Any CPU
		{F1D6C6D5-F3AF-4393-B7C1-2B1E9045C046}.Debug|x64.ActiveCfg = Debug|Any CPU
		{F1D6C6D5-F3AF-4393-B7C1-2B1E9045C046}.Debug|x64.Build.0 = Debug|Any CPU
		{F1D6C6D5-F3AF-4393-B7C1-2B1E9045C046}.Debug|x86.ActiveCfg = Debug|Any CPU
		{F1D6C6D5-F3AF-4393-B7C1-2B1E9045C046}.Debug|x86.Build.0 = Debug|Any CPU
		{F1D6C6D5-F3AF-4393-B7C1-2B1E9045C046}.Release|Any CPU.ActiveCfg = Release|Any CPU
		{F1D6C6D5-F3AF-4393-B7C1-2B1E9045C046}.Release|Any CPU.Build.0 = Release|Any CPU
		{F1D6C6D5-F3AF-4393-B7C1-2B1E9045C046}.Release|ARM.ActiveCfg = Release|Any CPU
		{F1D6C6D5-F3AF-4393-B7C1-2B1E9045C046}.Release|ARM.Build.0 = Release|Any CPU
		{F1D6C6D5-F3AF-4393-B7C1-2B1E9045C046}.Release|ARM64.ActiveCfg = Release|Any CPU
		{F1D6C6D5-F3AF-4393-B7C1-2B1E9045C046}.Release|ARM64.Build.0 = Release|Any CPU
		{F1D6C6D5-F3AF-4393-B7C1-2B1E9045C046}.Release|x64.ActiveCfg = Release|Any CPU
		{F1D6C6D5-F3AF-4393-B7C1-2B1E9045C046}.Release|x64.Build.0 = Release|Any CPU
		{F1D6C6D5-F3AF-4393-B7C1-2B1E9045C046}.Release|x86.ActiveCfg = Release|Any CPU
		{F1D6C6D5-F3AF-4393-B7C1-2B1E9045C046}.Release|x86.Build.0 = Release|Any CPU
		{7C9B0874-D132-41DD-8AC6-97071020500A}.Debug|Any CPU.ActiveCfg = Debug|Any CPU
		{7C9B0874-D132-41DD-8AC6-97071020500A}.Debug|Any CPU.Build.0 = Debug|Any CPU
		{7C9B0874-D132-41DD-8AC6-97071020500A}.Debug|ARM.ActiveCfg = Debug|Any CPU
		{7C9B0874-D132-41DD-8AC6-97071020500A}.Debug|ARM.Build.0 = Debug|Any CPU
		{7C9B0874-D132-41DD-8AC6-97071020500A}.Debug|ARM64.ActiveCfg = Debug|Any CPU
		{7C9B0874-D132-41DD-8AC6-97071020500A}.Debug|ARM64.Build.0 = Debug|Any CPU
		{7C9B0874-D132-41DD-8AC6-97071020500A}.Debug|x64.ActiveCfg = Debug|Any CPU
		{7C9B0874-D132-41DD-8AC6-97071020500A}.Debug|x64.Build.0 = Debug|Any CPU
		{7C9B0874-D132-41DD-8AC6-97071020500A}.Debug|x86.ActiveCfg = Debug|Any CPU
		{7C9B0874-D132-41DD-8AC6-97071020500A}.Debug|x86.Build.0 = Debug|Any CPU
		{7C9B0874-D132-41DD-8AC6-97071020500A}.Release|Any CPU.ActiveCfg = Release|Any CPU
		{7C9B0874-D132-41DD-8AC6-97071020500A}.Release|Any CPU.Build.0 = Release|Any CPU
		{7C9B0874-D132-41DD-8AC6-97071020500A}.Release|ARM.ActiveCfg = Release|Any CPU
		{7C9B0874-D132-41DD-8AC6-97071020500A}.Release|ARM.Build.0 = Release|Any CPU
		{7C9B0874-D132-41DD-8AC6-97071020500A}.Release|ARM64.ActiveCfg = Release|Any CPU
		{7C9B0874-D132-41DD-8AC6-97071020500A}.Release|ARM64.Build.0 = Release|Any CPU
		{7C9B0874-D132-41DD-8AC6-97071020500A}.Release|x64.ActiveCfg = Release|Any CPU
		{7C9B0874-D132-41DD-8AC6-97071020500A}.Release|x64.Build.0 = Release|Any CPU
		{7C9B0874-D132-41DD-8AC6-97071020500A}.Release|x86.ActiveCfg = Release|Any CPU
		{7C9B0874-D132-41DD-8AC6-97071020500A}.Release|x86.Build.0 = Release|Any CPU
		{51FA940E-1121-44D8-829D-7857344103D0}.Debug|Any CPU.ActiveCfg = Debug|Any CPU
		{51FA940E-1121-44D8-829D-7857344103D0}.Debug|Any CPU.Build.0 = Debug|Any CPU
		{51FA940E-1121-44D8-829D-7857344103D0}.Debug|ARM.ActiveCfg = Debug|Any CPU
		{51FA940E-1121-44D8-829D-7857344103D0}.Debug|ARM.Build.0 = Debug|Any CPU
		{51FA940E-1121-44D8-829D-7857344103D0}.Debug|ARM64.ActiveCfg = Debug|Any CPU
		{51FA940E-1121-44D8-829D-7857344103D0}.Debug|ARM64.Build.0 = Debug|Any CPU
		{51FA940E-1121-44D8-829D-7857344103D0}.Debug|x64.ActiveCfg = Debug|Any CPU
		{51FA940E-1121-44D8-829D-7857344103D0}.Debug|x64.Build.0 = Debug|Any CPU
		{51FA940E-1121-44D8-829D-7857344103D0}.Debug|x86.ActiveCfg = Debug|Any CPU
		{51FA940E-1121-44D8-829D-7857344103D0}.Debug|x86.Build.0 = Debug|Any CPU
		{51FA940E-1121-44D8-829D-7857344103D0}.Release|Any CPU.ActiveCfg = Release|Any CPU
		{51FA940E-1121-44D8-829D-7857344103D0}.Release|Any CPU.Build.0 = Release|Any CPU
		{51FA940E-1121-44D8-829D-7857344103D0}.Release|ARM.ActiveCfg = Release|Any CPU
		{51FA940E-1121-44D8-829D-7857344103D0}.Release|ARM.Build.0 = Release|Any CPU
		{51FA940E-1121-44D8-829D-7857344103D0}.Release|ARM64.ActiveCfg = Release|Any CPU
		{51FA940E-1121-44D8-829D-7857344103D0}.Release|ARM64.Build.0 = Release|Any CPU
		{51FA940E-1121-44D8-829D-7857344103D0}.Release|x64.ActiveCfg = Release|Any CPU
		{51FA940E-1121-44D8-829D-7857344103D0}.Release|x64.Build.0 = Release|Any CPU
		{51FA940E-1121-44D8-829D-7857344103D0}.Release|x86.ActiveCfg = Release|Any CPU
		{51FA940E-1121-44D8-829D-7857344103D0}.Release|x86.Build.0 = Release|Any CPU
	EndGlobalSection
	GlobalSection(SolutionProperties) = preSolution
		HideSolutionNode = FALSE
	EndGlobalSection
	GlobalSection(NestedProjects) = preSolution
		{D464B979-CF38-49CF-B162-4DA3502CB097} = {0BC2D301-534F-4BB8-906D-A4ED2E5DCAB8}
		{F1D6C6D5-F3AF-4393-B7C1-2B1E9045C046} = {0BC2D301-534F-4BB8-906D-A4ED2E5DCAB8}
		{7C9B0874-D132-41DD-8AC6-97071020500A} = {0BC2D301-534F-4BB8-906D-A4ED2E5DCAB8}
		{51FA940E-1121-44D8-829D-7857344103D0} = {0BC2D301-534F-4BB8-906D-A4ED2E5DCAB8}
	EndGlobalSection
	GlobalSection(ExtensibilityGlobals) = postSolution
		SolutionGuid = {CA27AED9-8E2A-4D2E-B64A-FC2552406F5C}
	EndGlobalSection
EndGlobal
